
Microsoft Visual Studio Solution File, Format Version 12.00
# Visual Studio 2012
Project("{FAE04EC0-301F-11D3-BF4B-00C04F79EFBC}") = "feConsolaMonitoreaMensajes", "feConsolaMonitoreaMensajes\feConsolaMonitoreaMensajes.csproj", "{455AD2D1-C8CF-428E-A6BC-2FAEC939E2E8}"
EndProject
Project("{FAE04EC0-301F-11D3-BF4B-00C04F79EFBC}") = "FEMonitoreaMensajes", "..\FEMonitoreaMensajes\FEMonitoreaMensajes.csproj", "{688D7AE5-2A5A-4D9B-9885-4C1C0F200396}"
EndProject
Project("{FAE04EC0-301F-11D3-BF4B-00C04F79EFBC}") = "ComunMonMen", "ComunMonMen\ComunMonMen.csproj", "{FC23A0CC-FB10-404A-8A63-A495BAD3B09A}"
EndProject
Project("{FAE04EC0-301F-11D3-BF4B-00C04F79EFBC}") = "respuestaEnvioDTE", "..\FEChile\respuestaEnvioDTE\respuestaEnvioDTE.csproj", "{A05BA445-D56F-4DF8-9D37-CB4E94531B96}"
EndProject
Project("{FAE04EC0-301F-11D3-BF4B-00C04F79EFBC}") = "EstructuraMensajeEMail", "..\..\..\_DevLibrary\EstructuraMensajeEMail\EstructuraMensajeEMail.csproj", "{AA2CE053-7035-498E-9380-2845A259323C}"
EndProject
Global
	GlobalSection(SolutionConfigurationPlatforms) = preSolution
		Debug|Any CPU = Debug|Any CPU
		Debug|x86 = Debug|x86
		Release|Any CPU = Release|Any CPU
		Release|x86 = Release|x86
	EndGlobalSection
	GlobalSection(ProjectConfigurationPlatforms) = postSolution
		{455AD2D1-C8CF-428E-A6BC-2FAEC939E2E8}.Debug|Any CPU.ActiveCfg = Debug|Any CPU
		{455AD2D1-C8CF-428E-A6BC-2FAEC939E2E8}.Debug|Any CPU.Build.0 = Debug|Any CPU
		{455AD2D1-C8CF-428E-A6BC-2FAEC939E2E8}.Debug|x86.ActiveCfg = Debug|Any CPU
		{455AD2D1-C8CF-428E-A6BC-2FAEC939E2E8}.Release|Any CPU.ActiveCfg = Release|Any CPU
		{455AD2D1-C8CF-428E-A6BC-2FAEC939E2E8}.Release|Any CPU.Build.0 = Release|Any CPU
		{455AD2D1-C8CF-428E-A6BC-2FAEC939E2E8}.Release|x86.ActiveCfg = Release|Any CPU
		{688D7AE5-2A5A-4D9B-9885-4C1C0F200396}.Debug|Any CPU.ActiveCfg = Debug|Any CPU
		{688D7AE5-2A5A-4D9B-9885-4C1C0F200396}.Debug|Any CPU.Build.0 = Debug|Any CPU
		{688D7AE5-2A5A-4D9B-9885-4C1C0F200396}.Debug|x86.ActiveCfg = Debug|Any CPU
		{688D7AE5-2A5A-4D9B-9885-4C1C0F200396}.Release|Any CPU.ActiveCfg = Release|Any CPU
		{688D7AE5-2A5A-4D9B-9885-4C1C0F200396}.Release|Any CPU.Build.0 = Release|Any CPU
		{688D7AE5-2A5A-4D9B-9885-4C1C0F200396}.Release|x86.ActiveCfg = Release|Any CPU
		{FC23A0CC-FB10-404A-8A63-A495BAD3B09A}.Debug|Any CPU.ActiveCfg = Debug|Any CPU
		{FC23A0CC-FB10-404A-8A63-A495BAD3B09A}.Debug|Any CPU.Build.0 = Debug|Any CPU
		{FC23A0CC-FB10-404A-8A63-A495BAD3B09A}.Debug|x86.ActiveCfg = Debug|Any CPU
		{FC23A0CC-FB10-404A-8A63-A495BAD3B09A}.Release|Any CPU.ActiveCfg = Release|Any CPU
		{FC23A0CC-FB10-404A-8A63-A495BAD3B09A}.Release|Any CPU.Build.0 = Release|Any CPU
		{FC23A0CC-FB10-404A-8A63-A495BAD3B09A}.Release|x86.ActiveCfg = Release|Any CPU
		{A05BA445-D56F-4DF8-9D37-CB4E94531B96}.Debug|Any CPU.ActiveCfg = Debug|Any CPU
		{A05BA445-D56F-4DF8-9D37-CB4E94531B96}.Debug|Any CPU.Build.0 = Debug|Any CPU
		{A05BA445-D56F-4DF8-9D37-CB4E94531B96}.Debug|x86.ActiveCfg = Debug|Any CPU
		{A05BA445-D56F-4DF8-9D37-CB4E94531B96}.Release|Any CPU.ActiveCfg = Release|Any CPU
		{A05BA445-D56F-4DF8-9D37-CB4E94531B96}.Release|Any CPU.Build.0 = Release|Any CPU
		{A05BA445-D56F-4DF8-9D37-CB4E94531B96}.Release|x86.ActiveCfg = Release|Any CPU
		{AA2CE053-7035-498E-9380-2845A259323C}.Debug|Any CPU.ActiveCfg = Debug|Any CPU
		{AA2CE053-7035-498E-9380-2845A259323C}.Debug|Any CPU.Build.0 = Debug|Any CPU
		{AA2CE053-7035-498E-9380-2845A259323C}.Debug|x86.ActiveCfg = Debug|Any CPU
		{AA2CE053-7035-498E-9380-2845A259323C}.Release|Any CPU.ActiveCfg = Release|Any CPU
		{AA2CE053-7035-498E-9380-2845A259323C}.Release|Any CPU.Build.0 = Release|Any CPU
		{AA2CE053-7035-498E-9380-2845A259323C}.Release|x86.ActiveCfg = Release|Any CPU
	EndGlobalSection
	GlobalSection(SolutionProperties) = preSolution
		HideSolutionNode = FALSE
	EndGlobalSection
EndGlobal
